
Microsoft Visual Studio Solution File, Format Version 12.00
# Visual Studio 14
VisualStudioVersion = 14.0.23107.0
MinimumVisualStudioVersion = 10.0.40219.1
Project("{8BC9CEB8-8B4A-11D0-8D11-00A0C91BC942}") = "Shared", "Shared\Shared.vcxproj", "{34174A84-6BA5-42BD-ABBB-59EAE2A2A091}"
EndProject
Project("{8BC9CEB8-8B4A-11D0-8D11-00A0C91BC942}") = "Plugin_Test", "Plugin_Test\Plugin_Test.vcxproj", "{10D7637B-4CC8-4106-9362-292F5B105098}"
EndProject
Project("{8BC9CEB8-8B4A-11D0-8D11-00A0C91BC942}") = "Server", "Server\Server.vcxproj", "{73AD1EDB-3720-485D-865E-6A37699B719F}"
EndProject
Project("{8BC9CEB8-8B4A-11D0-8D11-00A0C91BC942}") = "Agent", "Agent\Agent.vcxproj", "{982AA01A-1017-4A19-9710-009FFB9BAF17}"
EndProject
Global
	GlobalSection(SolutionConfigurationPlatforms) = preSolution
		Debug|x64 = Debug|x64
		Debug|x86 = Debug|x86
		Release|x64 = Release|x64
		Release|x86 = Release|x86
	EndGlobalSection
	GlobalSection(ProjectConfigurationPlatforms) = postSolution
		{34174A84-6BA5-42BD-ABBB-59EAE2A2A091}.Debug|x64.ActiveCfg = Debug|x64
		{34174A84-6BA5-42BD-ABBB-59EAE2A2A091}.Debug|x64.Build.0 = Debug|x64
		{34174A84-6BA5-42BD-ABBB-59EAE2A2A091}.Debug|x86.ActiveCfg = Debug|Win32
		{34174A84-6BA5-42BD-ABBB-59EAE2A2A091}.Debug|x86.Build.0 = Debug|Win32
		{34174A84-6BA5-42BD-ABBB-59EAE2A2A091}.Release|x64.ActiveCfg = Release|x64
		{34174A84-6BA5-42BD-ABBB-59EAE2A2A091}.Release|x64.Build.0 = Release|x64
		{34174A84-6BA5-42BD-ABBB-59EAE2A2A091}.Release|x86.ActiveCfg = Release|Win32
		{34174A84-6BA5-42BD-ABBB-59EAE2A2A091}.Release|x86.Build.0 = Release|Win32
		{10D7637B-4CC8-4106-9362-292F5B105098}.Debug|x64.ActiveCfg = Debug|x64
		{10D7637B-4CC8-4106-9362-292F5B105098}.Debug|x64.Build.0 = Debug|x64
		{10D7637B-4CC8-4106-9362-292F5B105098}.Debug|x86.ActiveCfg = Debug|Win32
		{10D7637B-4CC8-4106-9362-292F5B105098}.Debug|x86.Build.0 = Debug|Win32
		{10D7637B-4CC8-4106-9362-292F5B105098}.Release|x64.ActiveCfg = Release|x64
		{10D7637B-4CC8-4106-9362-292F5B105098}.Release|x64.Build.0 = Release|x64
		{10D7637B-4CC8-4106-9362-292F5B105098}.Release|x86.ActiveCfg = Release|Win32
		{10D7637B-4CC8-4106-9362-292F5B105098}.Release|x86.Build.0 = Release|Win32
		{73AD1EDB-3720-485D-865E-6A37699B719F}.Debug|x64.ActiveCfg = Debug|x64
		{73AD1EDB-3720-485D-865E-6A37699B719F}.Debug|x64.Build.0 = Debug|x64
		{73AD1EDB-3720-485D-865E-6A37699B719F}.Debug|x86.ActiveCfg = Debug|Win32
		{73AD1EDB-3720-485D-865E-6A37699B719F}.Debug|x86.Build.0 = Debug|Win32
		{73AD1EDB-3720-485D-865E-6A37699B719F}.Release|x64.ActiveCfg = Release|x64
		{73AD1EDB-3720-485D-865E-6A37699B719F}.Release|x64.Build.0 = Release|x64
		{73AD1EDB-3720-485D-865E-6A37699B719F}.Release|x86.ActiveCfg = Release|Win32
		{73AD1EDB-3720-485D-865E-6A37699B719F}.Release|x86.Build.0 = Release|Win32
		{982AA01A-1017-4A19-9710-009FFB9BAF17}.Debug|x64.ActiveCfg = Debug|x64
		{982AA01A-1017-4A19-9710-009FFB9BAF17}.Debug|x64.Build.0 = Debug|x64
		{982AA01A-1017-4A19-9710-009FFB9BAF17}.Debug|x86.ActiveCfg = Debug|Win32
		{982AA01A-1017-4A19-9710-009FFB9BAF17}.Debug|x86.Build.0 = Debug|Win32
		{982AA01A-1017-4A19-9710-009FFB9BAF17}.Release|x64.ActiveCfg = Release|x64
		{982AA01A-1017-4A19-9710-009FFB9BAF17}.Release|x64.Build.0 = Release|x64
		{982AA01A-1017-4A19-9710-009FFB9BAF17}.Release|x86.ActiveCfg = Release|Win32
		{982AA01A-1017-4A19-9710-009FFB9BAF17}.Release|x86.Build.0 = Release|Win32
	EndGlobalSection
	GlobalSection(SolutionProperties) = preSolution
		HideSolutionNode = FALSE
	EndGlobalSection
EndGlobal
